
Microsoft Visual Studio Solution File, Format Version 12.00
# Visual Studio Version 17
VisualStudioVersion = 17.0.32112.339
MinimumVisualStudioVersion = 10.0.40219.1
Project("{FAE04EC0-301F-11D3-BF4B-00C04F79EFBC}") = "navegadorWeb", "navegadorWeb.csproj", "{CDFEA76D-1813-49FB-A7DD-5543F4F1DB48}"
EndProject
Global
	GlobalSection(SolutionConfigurationPlatforms) = preSolution
		Debug|Any CPU = Debug|Any CPU
		Release|Any CPU = Release|Any CPU
	EndGlobalSection
	GlobalSection(ProjectConfigurationPlatforms) = postSolution
		{CDFEA76D-1813-49FB-A7DD-5543F4F1DB48}.Debug|Any CPU.ActiveCfg = Debug|Any CPU
		{CDFEA76D-1813-49FB-A7DD-5543F4F1DB48}.Debug|Any CPU.Build.0 = Debug|Any CPU
		{CDFEA76D-1813-49FB-A7DD-5543F4F1DB48}.Release|Any CPU.ActiveCfg = Release|Any CPU
		{CDFEA76D-1813-49FB-A7DD-5543F4F1DB48}.Release|Any CPU.Build.0 = Release|Any CPU
	EndGlobalSection
	GlobalSection(SolutionProperties) = preSolution
		HideSolutionNode = FALSE
	EndGlobalSection
	GlobalSection(ExtensibilityGlobals) = postSolution
		SolutionGuid = {95A55E1C-6FD6-4C9F-AC84-F66253643B6B}
	EndGlobalSection
EndGlobal
